<?xml version="1.0" encoding="utf-8"?>
<Project ToolsVersion="4.0" xmlns="http://schemas.microsoft.com/developer/msbuild/2003">
  <ItemGroup>
    <Filter Include="Source Files">
      <UniqueIdentifier>{4FC737F1-C7A5-4376-A066-2A32D752A2FF}</UniqueIdentifier>
      <Extensions>cpp;c;cc;cxx;c++;cppm;ixx;def;odl;idl;hpj;bat;asm;asmx</Extensions>
    </Filter>
    <Filter Include="Header Files">
      <UniqueIdentifier>{93995380-89BD-4b04-88EB-625FBE52EBFB}</UniqueIdentifier>
      <Extensions>h;hh;hpp;hxx;h++;hm;inl;inc;ipp;xsd</Extensions>
    </Filter>
    <Filter Include="Resource Files">
      <UniqueIdentifier>{67DA6AB6-F800-4c08-8B7A-83BB121AAD01}</UniqueIdentifier>
      <Extensions>rc;ico;cur;bmp;dlg;rc2;rct;bin;rgs;gif;jpg;jpeg;jpe;resx;tiff;tif;png;wav;mfcribbon-ms</Extensions>
    </Filter>
    <Filter Include="Header Files\Light">
      <UniqueIdentifier>{fc87afb1-9cd8-4a79-a4c5-f277fa142435}</UniqueIdentifier>
    </Filter>
    <Filter Include="Source Files\Light">
      <UniqueIdentifier>{a31630d9-d432-4850-bcfa-d8ca8fd1dba4}</UniqueIdentifier>
    </Filter>
    <Filter Include="Header Files\Cube">
      <UniqueIdentifier>{ba1d997e-4bfc-41e6-bf6e-d14a15e63e67}</UniqueIdentifier>
    </Filter>
    <Filter Include="Source Files\Cube">
      <UniqueIdentifier>{2e160c1e-0fea-4283-8961-5d0be162de9d}</UniqueIdentifier>
    </Filter>
    <Filter Include="Header Files\PointLight">
      <UniqueIdentifier>{0d4558b4-98ce-4a69-a05e-a5fa2764e15e}</UniqueIdentifier>
    </Filter>
    <Filter Include="Source Files\PointLight">
      <UniqueIdentifier>{4aac1312-c6a8-4455-855e-1e867c9de1e4}</UniqueIdentifier>
    </Filter>
    <Filter Include="Header Files\Texture">
      <UniqueIdentifier>{8a5fd27e-2c29-4177-bfa0-6d5dfb1df9aa}</UniqueIdentifier>
    </Filter>
    <Filter Include="Source Files\Texture">
      <UniqueIdentifier>{a4fe556c-f870-4dc0-aa1a-04affc2e6587}</UniqueIdentifier>
    </Filter>
    <Filter Include="Header Files\SpotLight">
      <UniqueIdentifier>{872ba7c1-cc7a-4761-a583-17a58d7afcf4}</UniqueIdentifier>
    </Filter>
    <Filter Include="Source Files\SpotLight">
      <UniqueIdentifier>{45bef10f-9a2b-4588-ab5f-7e3c41c4d498}</UniqueIdentifier>
    </Filter>
    <Filter Include="Header Files\Floor">
      <UniqueIdentifier>{e900639a-58f6-46f9-a720-d1811e4bc554}</UniqueIdentifier>
    </Filter>
    <Filter Include="Source Files\Floor">
      <UniqueIdentifier>{bf2c4952-82d5-4229-8fb1-9752da77b4e9}</UniqueIdentifier>
    </Filter>
  </ItemGroup>
  <ItemGroup>
    <ClCompile Include="src\EntryPoint.cpp">
      <Filter>Source Files</Filter>
    </ClCompile>
    <ClCompile Include="src\WindowManager.cpp">
      <Filter>Source Files</Filter>
    </ClCompile>
    <ClCompile Include="src\InputHandler.cpp">
      <Filter>Source Files</Filter>
    </ClCompile>
    <ClCompile Include="src\glad.c">
      <Filter>Source Files</Filter>
    </ClCompile>
    <ClCompile Include="src\FPSCamera.cpp">
      <Filter>Source Files</Filter>
    </ClCompile>
    <ClCompile Include="src\Shader.cpp">
      <Filter>Source Files</Filter>
    </ClCompile>
    <ClCompile Include="src\myScene.cpp">
      <Filter>Source Files</Filter>
    </ClCompile>
    <ClCompile Include="src\Light\DirectionalLight.cpp">
      <Filter>Source Files\Light</Filter>
    </ClCompile>
    <ClCompile Include="include\Cube\Cube.h">
      <Filter>Header Files\Cube</Filter>
    </ClCompile>
    <ClCompile Include="src\Cube\Cube.cpp">
      <Filter>Source Files\Cube</Filter>
    </ClCompile>
    <ClCompile Include="src\PointLight\PointLight.cpp">
      <Filter>Source Files\PointLight</Filter>
    </ClCompile>
    <ClCompile Include="src\Texture\TextureManager.cpp">
      <Filter>Source Files\Texture</Filter>
    </ClCompile>
    <ClCompile Include="src\Texture\stb_image.cpp">
      <Filter>Source Files\Texture</Filter>
    </ClCompile>
    <ClCompile Include="src\SpotLight\SpotLight.cpp">
      <Filter>Source Files\SpotLight</Filter>
    </ClCompile>
    <ClCompile Include="src\Floor\Floor.cpp">
      <Filter>Source Files\Floor</Filter>
    </ClCompile>
  </ItemGroup>
  <ItemGroup>
    <ClInclude Include="include\WindowManager.h">
      <Filter>Header Files</Filter>
    </ClInclude>
    <ClInclude Include="include\Shader.h">
      <Filter>Header Files</Filter>
    </ClInclude>
    <ClInclude Include="include\Scene.h">
      <Filter>Header Files</Filter>
    </ClInclude>
    <ClInclude Include="include\InputHandler.h">
      <Filter>Header Files</Filter>
    </ClInclude>
    <ClInclude Include="include\Camera.h">
      <Filter>Header Files</Filter>
    </ClInclude>
    <ClInclude Include="include\Properties.h">
      <Filter>Header Files</Filter>
    </ClInclude>
    <ClInclude Include="include\FPSCamera.h">
      <Filter>Header Files</Filter>
    </ClInclude>
    <ClInclude Include="include\GLFWinputCodes.h">
      <Filter>Header Files</Filter>
    </ClInclude>
    <ClInclude Include="include\myScene.h">
      <Filter>Header Files</Filter>
    </ClInclude>
    <ClInclude Include="include\Light\Light.h">
      <Filter>Header Files\Light</Filter>
    </ClInclude>
    <ClInclude Include="include\Light\DirectionalLight.h">
      <Filter>Header Files\Light</Filter>
    </ClInclude>
    <ClInclude Include="include\PointLight\PointLight.h">
      <Filter>Header Files\PointLight</Filter>
    </ClInclude>
    <ClInclude Include="include\Texture\TextureManager.h">
      <Filter>Header Files\Texture</Filter>
    </ClInclude>
    <ClInclude Include="include\Texture\stb_image.h">
      <Filter>Header Files\Texture</Filter>
    </ClInclude>
    <ClInclude Include="include\SpotLight\SpotLight.h">
      <Filter>Header Files\SpotLight</Filter>
    </ClInclude>
    <ClInclude Include="include\Floor\Floor.h">
      <Filter>Header Files\Floor</Filter>
    </ClInclude>
  </ItemGroup>
  <ItemGroup>
    <Text Include="x64\Debug\Application_Clean.Build.CppClean.log" />
    <Text Include="x64\Debug\Application_Clean.log" />
    <Text Include="x64\Debug\Application_Clean.vcxproj.FileListAbsolute.txt" />
  </ItemGroup>
  <ItemGroup>
    <None Include="x64\Debug\Application_Clean.exe.recipe" />
    <None Include="x64\Debug\vc143.idb" />
    <None Include="x64\Debug\vc143.pdb" />
    <None Include="x64\Debug\Applicat.a85782d9.tlog\Application_Clean.lastbuildstate" />
    <None Include="x64\Debug\Applicat.a85782d9.tlog\CL.command.1.tlog" />
    <None Include="x64\Debug\Applicat.a85782d9.tlog\CL.read.1.tlog" />
    <None Include="x64\Debug\Applicat.a85782d9.tlog\CL.write.1.tlog" />
    <None Include="x64\Debug\Applicat.a85782d9.tlog\link.command.1.tlog" />
    <None Include="x64\Debug\Applicat.a85782d9.tlog\link.read.1.tlog" />
    <None Include="x64\Debug\Applicat.a85782d9.tlog\link.read.2.tlog" />
    <None Include="x64\Debug\Applicat.a85782d9.tlog\link.write.1.tlog" />
    <None Include="x64\Debug\Applicat.a85782d9.tlog\link-cvtres.read.1.tlog" />
    <None Include="x64\Debug\Applicat.a85782d9.tlog\link-cvtres.write.1.tlog" />
    <None Include="x64\Debug\Applicat.a85782d9.tlog\link-rc.read.1.tlog" />
    <None Include="x64\Debug\Applicat.a85782d9.tlog\link-rc.write.1.tlog" />
    <None Include="x64\Debug\Applicat.a85782d9.tlog\unsuccessfulbuild" />
  </ItemGroup>
  <ItemGroup>
    <Object Include="x64\Debug\Cube.obj" />
    <Object Include="x64\Debug\DirectionalLight.obj" />
    <Object Include="x64\Debug\EntryPoint.obj" />
    <Object Include="x64\Debug\FPSCamera.obj" />
    <Object Include="x64\Debug\glad.obj" />
    <Object Include="x64\Debug\InputHandler.obj" />
    <Object Include="x64\Debug\myScene.obj" />
    <Object Include="x64\Debug\PointLight.obj" />
    <Object Include="x64\Debug\Shader.obj" />
    <Object Include="x64\Debug\stb_image.obj" />
    <Object Include="x64\Debug\TextureManager.obj" />
    <Object Include="x64\Debug\WindowManager.obj" />
  </ItemGroup>
</Project>